// !$*UTF8*$!
{
	archiveVersion = 1;
	classes = {
	};
	objectVersion = 55;
	objects = {

/* Begin PBXBuildFile section */
		D302B72D199B658360B47285 /* App.swift in Sources */ = {isa = PBXBuildFile; fileRef = C8FDA486631B58181A4154FB /* App.swift */; };
		C87B046782CA2F8C615B3D5B /* MainMenu.swift in Sources */ = {isa = PBXBuildFile; fileRef = FCE749A93A95791658AAAC6A /* MainMenu.swift */; };
		87B99314696E3D4072841415 /* Menubar.swift in Sources */ = {isa = PBXBuildFile; fileRef = 5B3D26F8D073DF4F406DFE9A /* Menubar.swift */; };
		BD98D9B471659056B2CA33FB /* main.swift in Sources */ = {isa = PBXBuildFile; fileRef = 635333238E62C4AAA0341268 /* main.swift */; };
		B3BAC715A7AF06E33EE55050 /* AccessibilityEvents.swift in Sources */ = {isa = PBXBuildFile; fileRef = DC85B35A36EF39F317856AC4 /* AccessibilityEvents.swift */; };
		4985B5DFC092D77EB2C56852 /* AxEventRouting.swift in Sources */ = {isa = PBXBuildFile; fileRef = 3E11426B349D569C013CB8EA /* AxEventRouting.swift */; };
		C5483EA7CB4B8C1270566BE8 /* CursorEvents.swift in Sources */ = {isa = PBXBuildFile; fileRef = AE7F463C23EF545129668283 /* CursorEvents.swift */; };
		DF7385B87E8C39D170B72205 /* KeyboardEvents.swift in Sources */ = {isa = PBXBuildFile; fileRef = BB59E2319E9879ABECBCCE41 /* KeyboardEvents.swift */; };
		D07C6A6CCB69A4BAD12F9E91 /* KeyboardEventsTestable.swift in Sources */ = {isa = PBXBuildFile; fileRef = 9156D8E62703BDEC751A53C3 /* KeyboardEventsTestable.swift */; };
		960FE706A582D074EC8F45FE /* PreferencesEvents.swift in Sources */ = {isa = PBXBuildFile; fileRef = 0113679549FBB61019A0C121 /* PreferencesEvents.swift */; };
		54525E52D0814CF722018B29 /* RunningApplicationsEvents.swift in Sources */ = {isa = PBXBuildFile; fileRef = 4A6A5D9BE93A6FD2D49F1F87 /* RunningApplicationsEvents.swift */; };
		A54C649F1568BA89FB830998 /* ScreenLockEvents.swift in Sources */ = {isa = PBXBuildFile; fileRef = 836678F006C3E0C85E631081 /* ScreenLockEvents.swift */; };
		8ED89B3AFF99C22C4B05B2F0 /* ScreensEvents.swift in Sources */ = {isa = PBXBuildFile; fileRef = 19076E7ED85FDF265B1200B5 /* ScreensEvents.swift */; };
		9C82F02A0DA7CC635FDB3B76 /* SleepWakeEvents.swift in Sources */ = {isa = PBXBuildFile; fileRef = E177F187E648CC5A5933BC26 /* SleepWakeEvents.swift */; };
		5A2DCE02CEC8AFFB28E0C8A3 /* SpacesEvents.swift in Sources */ = {isa = PBXBuildFile; fileRef = 1DFECE91A3A54249DE8ED99E /* SpacesEvents.swift */; };
		7ADDE10F0D23E7501EEF02A3 /* WindowCaptureEvents.swift in Sources */ = {isa = PBXBuildFile; fileRef = 55A30CC098E94042C5CF1EF6 /* WindowCaptureEvents.swift */; };
		2F97A52EE4BCA755D9D80D8D /* Button.swift in Sources */ = {isa = PBXBuildFile; fileRef = 8C341A02B64E57BBA282058A /* Button.swift */; };
		771DF45841602F8494A3377D /* CustomRecorderControl.swift in Sources */ = {isa = PBXBuildFile; fileRef = 118E2959DE3010C15EF88F13 /* CustomRecorderControl.swift */; };
		D4790874642E6A89E68DBAEC /* GridView.swift in Sources */ = {isa = PBXBuildFile; fileRef = AD48675F90A4A0E08381405B /* GridView.swift */; };
		6EF15DAE7314A1371E49B5B6 /* ImageTextButtonView.swift in Sources */ = {isa = PBXBuildFile; fileRef = 43779E30DC838CA99F92B8F2 /* ImageTextButtonView.swift */; };
		433C824C2FDFDA2DFAFBB2CC /* LightImageLayer.swift in Sources */ = {isa = PBXBuildFile; fileRef = 1151617CADC9A43C9F195B94 /* LightImageLayer.swift */; };
		C1407C820E4ADDD4984EB060 /* LightImageView.swift in Sources */ = {isa = PBXBuildFile; fileRef = 081B03178F3D5F156A1E6D0B /* LightImageView.swift */; };
		4A125ED07BB2E1C5967064CB /* PopupButtonLikeSystemSettings.swift in Sources */ = {isa = PBXBuildFile; fileRef = 64AAA5463AAC5B6C2F0B430C /* PopupButtonLikeSystemSettings.swift */; };
		40A5D65A8FC3DAA57127EFFE /* StackView.swift in Sources */ = {isa = PBXBuildFile; fileRef = F3727CC83B37011674B34465 /* StackView.swift */; };
		D7D80E6A3A15A334510B0912 /* Switch.swift in Sources */ = {isa = PBXBuildFile; fileRef = CF14255D715FB89FF0D80D6B /* Switch.swift */; };
		D7644BE88C32C5FA5520D65D /* TableView.swift in Sources */ = {isa = PBXBuildFile; fileRef = 5CD555C7A17F61CE836CECB6 /* TableView.swift */; };
		9590B437CE31F2C102F956D8 /* Tooltips.swift in Sources */ = {isa = PBXBuildFile; fileRef = EA45622D7E5F51A69B0EAB23 /* Tooltips.swift */; };
		FDB2CE4F324E354B241EE0FF /* TrafficLightButton.swift in Sources */ = {isa = PBXBuildFile; fileRef = 8F0212273CE6DC86C3030801 /* TrafficLightButton.swift */; };
		0792393A7C4A1A309A51ECC5 /* WindowlessAppIndicator.swift in Sources */ = {isa = PBXBuildFile; fileRef = 47A4E4FAF236AC97705A7915 /* WindowlessAppIndicator.swift */; };
		01E129806302C40745650885 /* BoldLabel.swift in Sources */ = {isa = PBXBuildFile; fileRef = 0856D9E48D07EB7F2A779187 /* BoldLabel.swift */; };
		893C6C5F00EE0F32663F4E90 /* DynamicColorTextField.swift in Sources */ = {isa = PBXBuildFile; fileRef = B25A1EA5C2D3383224513EF9 /* DynamicColorTextField.swift */; };
		3D5612E31633EF7F4C88EC42 /* HyperlinkLabel.swift in Sources */ = {isa = PBXBuildFile; fileRef = B52126A295E98060EF053C3E /* HyperlinkLabel.swift */; };
		DD3F6B77E04DF74AEE4572D7 /* LightLabel.swift in Sources */ = {isa = PBXBuildFile; fileRef = AE805C329A6102ADA5F9803F /* LightLabel.swift */; };
		3071B6AE6D09D3AB2FE231FB /* TextArea.swift in Sources */ = {isa = PBXBuildFile; fileRef = 70508C23FD97BEA6BF036716 /* TextArea.swift */; };
		5129B77104232073F6EBE43C /* TextField.swift in Sources */ = {isa = PBXBuildFile; fileRef = D5712BBD4C4551EF578FA817 /* TextField.swift */; };
		D27C62D25A54B8B827F1C599 /* TitleLabel.swift in Sources */ = {isa = PBXBuildFile; fileRef = CA77C40A52737E7E27E0C746 /* TitleLabel.swift */; };
		6A52E13C9CEE587BC7909300 /* AXCallScheduler.swift in Sources */ = {isa = PBXBuildFile; fileRef = 17D42E6A5A46D380EFBFDDF4 /* AXCallScheduler.swift */; };
		4BA2E82F89ADAAA2BDF46BB0 /* CGSCallScheduler.swift in Sources */ = {isa = PBXBuildFile; fileRef = A017180211866A902B8BEBFC /* CGSCallScheduler.swift */; };
		4DC38EEA56DF70DEF90EED0F /* PermissionCalloutResolver.swift in Sources */ = {isa = PBXBuildFile; fileRef = C7369017B815353A77FF685F /* PermissionCalloutResolver.swift */; };
		01E93698915A2A4AED4AA1F9 /* ProcessCallScheduler.swift in Sources */ = {isa = PBXBuildFile; fileRef = A8CEE8EFF9234C1F8BDC8D32 /* ProcessCallScheduler.swift */; };
		A99B7A558E0E92756D742C8F /* SystemPermissions.swift in Sources */ = {isa = PBXBuildFile; fileRef = 71C568D20E9CFCD24B25DC01 /* SystemPermissions.swift */; };
		07777C62236C35AFE5D16E15 /* AXUIElement.swift in Sources */ = {isa = PBXBuildFile; fileRef = 579F24895364E39D64929709 /* AXUIElement.swift */; };
		ED3BA24FD8D5BDC3C5511A15 /* ApplicationServices.HIServices.framework.swift in Sources */ = {isa = PBXBuildFile; fileRef = 21D901D74F899BC6C6710AC6 /* ApplicationServices.HIServices.framework.swift */; };
		9D3DBF02954B7F933E42DA65 /* CGSSymbolicHotKey.swift in Sources */ = {isa = PBXBuildFile; fileRef = 373FA8CF7B205895EED5E873 /* CGSSymbolicHotKey.swift */; };
		7BEF815D594AE4D31F2733F4 /* CGWindow.swift in Sources */ = {isa = PBXBuildFile; fileRef = 11A6C9CE1A3D2638307E43B1 /* CGWindow.swift */; };
		E862DF070C12CE693A8A437B /* CGWindowID.swift in Sources */ = {isa = PBXBuildFile; fileRef = 6509C5C9D74C1432ACED6DD7 /* CGWindowID.swift */; };
		2B94AB9752E1FD2B09992FB6 /* HelperExtensions.swift in Sources */ = {isa = PBXBuildFile; fileRef = 76B4693C67C7677A2B1D786E /* HelperExtensions.swift */; };
		793EF17A28C92213C468295A /* HelperExtensionsTestable.swift in Sources */ = {isa = PBXBuildFile; fileRef = 49FB9B074096CB4D2DA31C6C /* HelperExtensionsTestable.swift */; };
		0A12CC02A908E325B2E1D8BC /* LightweightTimer.swift in Sources */ = {isa = PBXBuildFile; fileRef = F1FD1E732415FC82809B362A /* LightweightTimer.swift */; };
		9BE6E4F53A726FC9FAD20819 /* Logger.swift in Sources */ = {isa = PBXBuildFile; fileRef = 295DAE6F44CCAD47DF4BA11E /* Logger.swift */; };
		2F88CDFC747BC6D107CBA40E /* MissionControl.swift in Sources */ = {isa = PBXBuildFile; fileRef = BC2F300CBDB34ADFF6EB81FE /* MissionControl.swift */; };
		D0EE1D8A9A33671B5294BFF5 /* SkyLight.framework.swift in Sources */ = {isa = PBXBuildFile; fileRef = 94A2CE451FFDE4FBA0416C9F /* SkyLight.framework.swift */; };
		3F3D9FD96E03F9A54BE18B92 /* Sysctl.swift in Sources */ = {isa = PBXBuildFile; fileRef = 81A82312EED1C97E00B46FFC /* Sysctl.swift */; };
		20EB4590284758AF38E95A50 /* MacroPreferences.swift in Sources */ = {isa = PBXBuildFile; fileRef = B6E7F5642D33B12433375A0E /* MacroPreferences.swift */; };
		1145676B27593535080ECCE8 /* PreferenceDefinition.swift in Sources */ = {isa = PBXBuildFile; fileRef = CD470785A529B1AA1EDEC698 /* PreferenceDefinition.swift */; };
		3803347E3FD0E7795B230716 /* Preferences.swift in Sources */ = {isa = PBXBuildFile; fileRef = 5991AD2BE690817BBD1A37E6 /* Preferences.swift */; };
		C288DF1274D122BFE54E0E4A /* PreferencesMigrations.swift in Sources */ = {isa = PBXBuildFile; fileRef = 7A57BF85BF6421613CA995B5 /* PreferencesMigrations.swift */; };
		EF4DB6445D383BE595240162 /* ShortcutConfiguration.swift in Sources */ = {isa = PBXBuildFile; fileRef = 0CDC331D57F5EE5CEBEBF634 /* ShortcutConfiguration.swift */; };
		13829F91CF101CAF376A2DB1 /* LabelAndControl.swift in Sources */ = {isa = PBXBuildFile; fileRef = 22F2321CF557F05CC681CE04 /* LabelAndControl.swift */; };
		C68974CD8D03CE2429BEAA4B /* SettingsWindow.swift in Sources */ = {isa = PBXBuildFile; fileRef = 4E8C27680274A0DD6836AF15 /* SettingsWindow.swift */; };
		82178C263C5B7E362EB148A4 /* TableGroupView.swift in Sources */ = {isa = PBXBuildFile; fileRef = EF0EFA3C475160C6973BE247 /* TableGroupView.swift */; };
		BA564A2BFF23100D739B47D0 /* ControlsTab.swift in Sources */ = {isa = PBXBuildFile; fileRef = 1AB1E36FED26430A16EA93F8 /* ControlsTab.swift */; };
		1BBA7A1FEC708E27D7557E6F /* NativeHotkeyResolver.swift in Sources */ = {isa = PBXBuildFile; fileRef = 7A4F1A978AFB2C664EA82F49 /* NativeHotkeyResolver.swift */; };
		BA456CEC1305764BCC9547F1 /* PermissionView.swift in Sources */ = {isa = PBXBuildFile; fileRef = 254008D0743361A79265CE6A /* PermissionView.swift */; };
		8B1A798E527782315C313660 /* PermissionsWindow.swift in Sources */ = {isa = PBXBuildFile; fileRef = A8CC6CBE15AC9BAFC96CAEA8 /* PermissionsWindow.swift */; };
		1D4D082ED862EBA216FDED4D /* ATShortcut.swift in Sources */ = {isa = PBXBuildFile; fileRef = C6615A86DF66A6BE3DB17CE9 /* ATShortcut.swift */; };
		F9B7626CFC9A6ECC464F8262 /* Appearance.swift in Sources */ = {isa = PBXBuildFile; fileRef = 71A9357A8B0D5BBC6E2ACFF1 /* Appearance.swift */; };
		DE437300579D0DDDACE80D0F /* AppearanceTestable.swift in Sources */ = {isa = PBXBuildFile; fileRef = A3F035A5C42F74193E7C93C6 /* AppearanceTestable.swift */; };
		C9A874C49A8AB1593033AACA /* KeyRepeatTimer.swift in Sources */ = {isa = PBXBuildFile; fileRef = 64A7BD7240E86297D57FA1A7 /* KeyRepeatTimer.swift */; };
		DC12BB6C5673D3D47250CDBC /* PreviewPanel.swift in Sources */ = {isa = PBXBuildFile; fileRef = 42F9221C9AD599AD280565BF /* PreviewPanel.swift */; };
		2CEB57CE37C8D73AB4FDEECD /* ShortcutAction.swift in Sources */ = {isa = PBXBuildFile; fileRef = C6A0A532EC8921D473A6B4D6 /* ShortcutAction.swift */; };
		352EB160675DD38DE950A5C9 /* SwitcherSession.swift in Sources */ = {isa = PBXBuildFile; fileRef = D27432B2281E41F7595D2F89 /* SwitcherSession.swift */; };
		102D7C2B48088C3017381AE3 /* StatusIconsView.swift in Sources */ = {isa = PBXBuildFile; fileRef = 30BE96A17F5F72A47A26DED9 /* StatusIconsView.swift */; };
		7CA33F874F3E54E299D81498 /* TileFontIconView.swift in Sources */ = {isa = PBXBuildFile; fileRef = BF23CD2B0253FBAD6E66A71F /* TileFontIconView.swift */; };
		0E03D347F86194EED0FDF78D /* TileOverView.swift in Sources */ = {isa = PBXBuildFile; fileRef = 076D6F41EE19B43B99A79408 /* TileOverView.swift */; };
		1DDE8AB101D03D95C085AAE5 /* TileTitleView.swift in Sources */ = {isa = PBXBuildFile; fileRef = 834E854E83E7E43D0BAD4EF9 /* TileTitleView.swift */; };
		C140DAB1DEDF51F8F40DC878 /* TileUnderLayer.swift in Sources */ = {isa = PBXBuildFile; fileRef = B453FC164DC4A9A1B7709FBC /* TileUnderLayer.swift */; };
		CEE20CDA2FD6E7B972A8D9ED /* TileView.swift in Sources */ = {isa = PBXBuildFile; fileRef = A4FE3B173441A4D8BA988C0E /* TileView.swift */; };
		0233463D0444AF31358CD97F /* TilesPanel.swift in Sources */ = {isa = PBXBuildFile; fileRef = 3EBDD1F6C14E72D345A7F9F6 /* TilesPanel.swift */; };
		4EA64D77C2431B5B1A4F6EC3 /* TilesPanelBackgroundView.swift in Sources */ = {isa = PBXBuildFile; fileRef = 95F7680252D8E43D9FC43815 /* TilesPanelBackgroundView.swift */; };
		D053ABBC3209B263FA59DF1F /* TilesView.swift in Sources */ = {isa = PBXBuildFile; fileRef = C2399ABBABC04165D16F2244 /* TilesView.swift */; };
		CA2C96A4E9FA0E151F5A5814 /* Application.swift in Sources */ = {isa = PBXBuildFile; fileRef = F3EA3AD9041D7DAE8337B51B /* Application.swift */; };
		45A1FDFE88C4BFC4E299B372 /* ApplicationDiscriminator.swift in Sources */ = {isa = PBXBuildFile; fileRef = CEC407287549A0F65CB16A2D /* ApplicationDiscriminator.swift */; };
		839E21C032932861F98E9C79 /* ApplicationState.swift in Sources */ = {isa = PBXBuildFile; fileRef = 20D6C1F437A4E3762FA77A7C /* ApplicationState.swift */; };
		E295C89D608BC271EB105E3B /* Applications.swift in Sources */ = {isa = PBXBuildFile; fileRef = 0037CB9B6BCDD649AC9E1B24 /* Applications.swift */; };
		82A7EF97E24AAABB461A27F1 /* ExceptionMatcher.swift in Sources */ = {isa = PBXBuildFile; fileRef = A8066D5547BE110E5BCCFD64 /* ExceptionMatcher.swift */; };
		DBF6460D7FA054E7A88527CB /* PhantomWindowDetector.swift in Sources */ = {isa = PBXBuildFile; fileRef = D10D23B5F633F515B4972E62 /* PhantomWindowDetector.swift */; };
		378550D8158AFD3F4F5F78A0 /* Screens.swift in Sources */ = {isa = PBXBuildFile; fileRef = F0B1737850927F12DC10DF04 /* Screens.swift */; };
		350CBD07A51A6ECA7F9EE5F0 /* SelectionResolver.swift in Sources */ = {isa = PBXBuildFile; fileRef = 2CE235AAE6C0027AF4E3882A /* SelectionResolver.swift */; };
		F9F273B580E856ACD8DF35DE /* Spaces.swift in Sources */ = {isa = PBXBuildFile; fileRef = F2838E74B131AD7E1EB69931 /* Spaces.swift */; };
		DBE882D9BF8EBD82071E6368 /* TabGroup.swift in Sources */ = {isa = PBXBuildFile; fileRef = 80B5E2D708A5EB113648E9D3 /* TabGroup.swift */; };
		7CF4A0DD6C5189BEA8A04CAF /* Window.swift in Sources */ = {isa = PBXBuildFile; fileRef = B0CABF28A80CDD4DFF3CAE58 /* Window.swift */; };
		D50B758BBC8D2EBD46EFC9A4 /* WindowDiscriminator.swift in Sources */ = {isa = PBXBuildFile; fileRef = 40B046BE979A1C1D912CE072 /* WindowDiscriminator.swift */; };
		E2995AD4B917EB7A3BE9AA0F /* WindowFilterResolver.swift in Sources */ = {isa = PBXBuildFile; fileRef = 5CA5E6BC879D2EA364E1BE6E /* WindowFilterResolver.swift */; };
		642BEA5C8C8CB4A3DD5B231E /* WindowOrderResolver.swift in Sources */ = {isa = PBXBuildFile; fileRef = F109666A0C3B39C50E1BD689 /* WindowOrderResolver.swift */; };
		19FBD5BFB9363F9F38FE62C3 /* WindowState.swift in Sources */ = {isa = PBXBuildFile; fileRef = F9FBC956E1ED02F211C5B474 /* WindowState.swift */; };
		D877040DF9D114B96B1A7C94 /* WindowThumbnails.swift in Sources */ = {isa = PBXBuildFile; fileRef = E5513040883213BA38C70467 /* WindowThumbnails.swift */; };
		6C3EEBF4EB7EC62A5169AA9A /* Windows.swift in Sources */ = {isa = PBXBuildFile; fileRef = E59D7D533CDEA8DF18C69AEC /* Windows.swift */; };
		8042C977CF1207F4F738FAAE /* BackgroundWork.swift in Sources */ = {isa = PBXBuildFile; fileRef = 73A55921FA29FD1AA1C5AB97 /* BackgroundWork.swift */; };
		63C4342AE2A7FEF013919D06 /* SchedulingPolicy.swift in Sources */ = {isa = PBXBuildFile; fileRef = D55655C8600E30FC5E4F53CB /* SchedulingPolicy.swift */; };
		0033F7BC64B17B68EF6AE97A /* Throttler.swift in Sources */ = {isa = PBXBuildFile; fileRef = 0731D83E557F34CC2412CD91 /* Throttler.swift */; };
		057BBF8A19310940EBBD18F6 /* ObjCExceptionCatcher.m in Sources */ = {isa = PBXBuildFile; fileRef = 75ACBEA3B5EE2B64F5484218 /* ObjCExceptionCatcher.m */; };
		E8FDF0628368A96925624C79 /* SF-Pro-Text-Regular.otf in Resources */ = {isa = PBXBuildFile; fileRef = EBD9D9D0B26D0C7B4520FF2F /* SF-Pro-Text-Regular.otf */; };
		F93614030A31591F4403809C /* app.icns in Resources */ = {isa = PBXBuildFile; fileRef = B27D24BC921913ACFCBF7CEE /* app.icns */; };
		60A5A3CFA5D556EDECAFB461 /* menubar-0.pdf in Resources */ = {isa = PBXBuildFile; fileRef = BC69DCEC94092639232A2259 /* menubar-0.pdf */; };
		6108E5978376336186536E13 /* menubar-1.pdf in Resources */ = {isa = PBXBuildFile; fileRef = 67534DDEDB16E6DCF8335746 /* menubar-1.pdf */; };
		7938F24ED005330A322B9100 /* menubar-2.pdf in Resources */ = {isa = PBXBuildFile; fileRef = ADDF38CB0E1C11654DD9FBD2 /* menubar-2.pdf */; };
		1D50EB38F3401425213F0BAC /* InfoPlist.strings in Resources */ = {isa = PBXBuildFile; fileRef = 54AB11D95F2705AA077A9BF3 /* InfoPlist.strings */; };
		C16DBF0CC23F641DBA21EC8B /* Localizable.strings in Resources */ = {isa = PBXBuildFile; fileRef = 1082C0C7187C172202818630 /* Localizable.strings */; };
		54E109A3964EA83ADE241B91 /* InfoPlist.strings in Resources */ = {isa = PBXBuildFile; fileRef = 28C9C51849344B32694B9DBB /* InfoPlist.strings */; };
		E4DF62B10147D4B929218082 /* Localizable.strings in Resources */ = {isa = PBXBuildFile; fileRef = CA8B381B478E654DE1E51164 /* Localizable.strings */; };
		08DA7FDDD89578B0DD13074C /* SkyLight.framework in Frameworks */ = {isa = PBXBuildFile; fileRef = 5F5EFECB259EEC133B8D8157 /* SkyLight.framework */; };
		2860BA206A9661F370AEDD13 /* ShortcutRecorder in Frameworks */ = {isa = PBXBuildFile; productRef = 5FDF9EA82FB3577600703843 /* ShortcutRecorder */; };
/* End PBXBuildFile section */

/* Begin PBXFileReference section */
		B15A13ACECE86FF5B996CE6C /* Info.plist */ = {isa = PBXFileReference; lastKnownFileType = text.plist.info; path = Info.plist; sourceTree = "<group>"; };

		9BB7B6A8B9F832598CFC262B /* alt_tab_macos.entitlements */ = {isa = PBXFileReference; lastKnownFileType = text.plist.entitlements; path = alt_tab_macos.entitlements; sourceTree = "<group>"; };

		62DE415837EEEA7F19BDFB92 /* alt-tab-light-Bridging-Header.h */ = {isa = PBXFileReference; lastKnownFileType = sourcecode.c.h; path = alt-tab-light-Bridging-Header.h; sourceTree = "<group>"; };

		84337AD8D27FCD69AF2C4FC2 /* AltTabLight.app */ = {isa = PBXFileReference; explicitFileType = wrapper.application; includeInIndex = 0; path = AltTabLight.app; sourceTree = BUILT_PRODUCTS_DIR; };

		5F5EFECB259EEC133B8D8157 /* SkyLight.framework */ = {isa = PBXFileReference; lastKnownFileType = wrapper.framework; name = SkyLight.framework; path = ../../../../System/Library/PrivateFrameworks/SkyLight.framework; sourceTree = "<group>"; };

		C8FDA486631B58181A4154FB /* App.swift */ = {isa = PBXFileReference; lastKnownFileType = sourcecode.swift; name = App.swift; path = App.swift; sourceTree = "<group>"; };
		FCE749A93A95791658AAAC6A /* MainMenu.swift */ = {isa = PBXFileReference; lastKnownFileType = sourcecode.swift; name = MainMenu.swift; path = MainMenu.swift; sourceTree = "<group>"; };
		5B3D26F8D073DF4F406DFE9A /* Menubar.swift */ = {isa = PBXFileReference; lastKnownFileType = sourcecode.swift; name = Menubar.swift; path = Menubar.swift; sourceTree = "<group>"; };
		635333238E62C4AAA0341268 /* main.swift */ = {isa = PBXFileReference; lastKnownFileType = sourcecode.swift; name = main.swift; path = main.swift; sourceTree = "<group>"; };
		DC85B35A36EF39F317856AC4 /* AccessibilityEvents.swift */ = {isa = PBXFileReference; lastKnownFileType = sourcecode.swift; name = AccessibilityEvents.swift; path = AccessibilityEvents.swift; sourceTree = "<group>"; };
		3E11426B349D569C013CB8EA /* AxEventRouting.swift */ = {isa = PBXFileReference; lastKnownFileType = sourcecode.swift; name = AxEventRouting.swift; path = AxEventRouting.swift; sourceTree = "<group>"; };
		AE7F463C23EF545129668283 /* CursorEvents.swift */ = {isa = PBXFileReference; lastKnownFileType = sourcecode.swift; name = CursorEvents.swift; path = CursorEvents.swift; sourceTree = "<group>"; };
		BB59E2319E9879ABECBCCE41 /* KeyboardEvents.swift */ = {isa = PBXFileReference; lastKnownFileType = sourcecode.swift; name = KeyboardEvents.swift; path = KeyboardEvents.swift; sourceTree = "<group>"; };
		9156D8E62703BDEC751A53C3 /* KeyboardEventsTestable.swift */ = {isa = PBXFileReference; lastKnownFileType = sourcecode.swift; name = KeyboardEventsTestable.swift; path = KeyboardEventsTestable.swift; sourceTree = "<group>"; };
		0113679549FBB61019A0C121 /* PreferencesEvents.swift */ = {isa = PBXFileReference; lastKnownFileType = sourcecode.swift; name = PreferencesEvents.swift; path = PreferencesEvents.swift; sourceTree = "<group>"; };
		4A6A5D9BE93A6FD2D49F1F87 /* RunningApplicationsEvents.swift */ = {isa = PBXFileReference; lastKnownFileType = sourcecode.swift; name = RunningApplicationsEvents.swift; path = RunningApplicationsEvents.swift; sourceTree = "<group>"; };
		836678F006C3E0C85E631081 /* ScreenLockEvents.swift */ = {isa = PBXFileReference; lastKnownFileType = sourcecode.swift; name = ScreenLockEvents.swift; path = ScreenLockEvents.swift; sourceTree = "<group>"; };
		19076E7ED85FDF265B1200B5 /* ScreensEvents.swift */ = {isa = PBXFileReference; lastKnownFileType = sourcecode.swift; name = ScreensEvents.swift; path = ScreensEvents.swift; sourceTree = "<group>"; };
		E177F187E648CC5A5933BC26 /* SleepWakeEvents.swift */ = {isa = PBXFileReference; lastKnownFileType = sourcecode.swift; name = SleepWakeEvents.swift; path = SleepWakeEvents.swift; sourceTree = "<group>"; };
		1DFECE91A3A54249DE8ED99E /* SpacesEvents.swift */ = {isa = PBXFileReference; lastKnownFileType = sourcecode.swift; name = SpacesEvents.swift; path = SpacesEvents.swift; sourceTree = "<group>"; };
		55A30CC098E94042C5CF1EF6 /* WindowCaptureEvents.swift */ = {isa = PBXFileReference; lastKnownFileType = sourcecode.swift; name = WindowCaptureEvents.swift; path = WindowCaptureEvents.swift; sourceTree = "<group>"; };
		8C341A02B64E57BBA282058A /* Button.swift */ = {isa = PBXFileReference; lastKnownFileType = sourcecode.swift; name = Button.swift; path = Button.swift; sourceTree = "<group>"; };
		118E2959DE3010C15EF88F13 /* CustomRecorderControl.swift */ = {isa = PBXFileReference; lastKnownFileType = sourcecode.swift; name = CustomRecorderControl.swift; path = CustomRecorderControl.swift; sourceTree = "<group>"; };
		AD48675F90A4A0E08381405B /* GridView.swift */ = {isa = PBXFileReference; lastKnownFileType = sourcecode.swift; name = GridView.swift; path = GridView.swift; sourceTree = "<group>"; };
		43779E30DC838CA99F92B8F2 /* ImageTextButtonView.swift */ = {isa = PBXFileReference; lastKnownFileType = sourcecode.swift; name = ImageTextButtonView.swift; path = ImageTextButtonView.swift; sourceTree = "<group>"; };
		1151617CADC9A43C9F195B94 /* LightImageLayer.swift */ = {isa = PBXFileReference; lastKnownFileType = sourcecode.swift; name = LightImageLayer.swift; path = LightImageLayer.swift; sourceTree = "<group>"; };
		081B03178F3D5F156A1E6D0B /* LightImageView.swift */ = {isa = PBXFileReference; lastKnownFileType = sourcecode.swift; name = LightImageView.swift; path = LightImageView.swift; sourceTree = "<group>"; };
		64AAA5463AAC5B6C2F0B430C /* PopupButtonLikeSystemSettings.swift */ = {isa = PBXFileReference; lastKnownFileType = sourcecode.swift; name = PopupButtonLikeSystemSettings.swift; path = PopupButtonLikeSystemSettings.swift; sourceTree = "<group>"; };
		F3727CC83B37011674B34465 /* StackView.swift */ = {isa = PBXFileReference; lastKnownFileType = sourcecode.swift; name = StackView.swift; path = StackView.swift; sourceTree = "<group>"; };
		CF14255D715FB89FF0D80D6B /* Switch.swift */ = {isa = PBXFileReference; lastKnownFileType = sourcecode.swift; name = Switch.swift; path = Switch.swift; sourceTree = "<group>"; };
		5CD555C7A17F61CE836CECB6 /* TableView.swift */ = {isa = PBXFileReference; lastKnownFileType = sourcecode.swift; name = TableView.swift; path = TableView.swift; sourceTree = "<group>"; };
		EA45622D7E5F51A69B0EAB23 /* Tooltips.swift */ = {isa = PBXFileReference; lastKnownFileType = sourcecode.swift; name = Tooltips.swift; path = Tooltips.swift; sourceTree = "<group>"; };
		8F0212273CE6DC86C3030801 /* TrafficLightButton.swift */ = {isa = PBXFileReference; lastKnownFileType = sourcecode.swift; name = TrafficLightButton.swift; path = TrafficLightButton.swift; sourceTree = "<group>"; };
		47A4E4FAF236AC97705A7915 /* WindowlessAppIndicator.swift */ = {isa = PBXFileReference; lastKnownFileType = sourcecode.swift; name = WindowlessAppIndicator.swift; path = WindowlessAppIndicator.swift; sourceTree = "<group>"; };
		0856D9E48D07EB7F2A779187 /* BoldLabel.swift */ = {isa = PBXFileReference; lastKnownFileType = sourcecode.swift; name = BoldLabel.swift; path = BoldLabel.swift; sourceTree = "<group>"; };
		B25A1EA5C2D3383224513EF9 /* DynamicColorTextField.swift */ = {isa = PBXFileReference; lastKnownFileType = sourcecode.swift; name = DynamicColorTextField.swift; path = DynamicColorTextField.swift; sourceTree = "<group>"; };
		B52126A295E98060EF053C3E /* HyperlinkLabel.swift */ = {isa = PBXFileReference; lastKnownFileType = sourcecode.swift; name = HyperlinkLabel.swift; path = HyperlinkLabel.swift; sourceTree = "<group>"; };
		AE805C329A6102ADA5F9803F /* LightLabel.swift */ = {isa = PBXFileReference; lastKnownFileType = sourcecode.swift; name = LightLabel.swift; path = LightLabel.swift; sourceTree = "<group>"; };
		70508C23FD97BEA6BF036716 /* TextArea.swift */ = {isa = PBXFileReference; lastKnownFileType = sourcecode.swift; name = TextArea.swift; path = TextArea.swift; sourceTree = "<group>"; };
		D5712BBD4C4551EF578FA817 /* TextField.swift */ = {isa = PBXFileReference; lastKnownFileType = sourcecode.swift; name = TextField.swift; path = TextField.swift; sourceTree = "<group>"; };
		CA77C40A52737E7E27E0C746 /* TitleLabel.swift */ = {isa = PBXFileReference; lastKnownFileType = sourcecode.swift; name = TitleLabel.swift; path = TitleLabel.swift; sourceTree = "<group>"; };
		17D42E6A5A46D380EFBFDDF4 /* AXCallScheduler.swift */ = {isa = PBXFileReference; lastKnownFileType = sourcecode.swift; name = AXCallScheduler.swift; path = AXCallScheduler.swift; sourceTree = "<group>"; };
		A017180211866A902B8BEBFC /* CGSCallScheduler.swift */ = {isa = PBXFileReference; lastKnownFileType = sourcecode.swift; name = CGSCallScheduler.swift; path = CGSCallScheduler.swift; sourceTree = "<group>"; };
		C7369017B815353A77FF685F /* PermissionCalloutResolver.swift */ = {isa = PBXFileReference; lastKnownFileType = sourcecode.swift; name = PermissionCalloutResolver.swift; path = PermissionCalloutResolver.swift; sourceTree = "<group>"; };
		A8CEE8EFF9234C1F8BDC8D32 /* ProcessCallScheduler.swift */ = {isa = PBXFileReference; lastKnownFileType = sourcecode.swift; name = ProcessCallScheduler.swift; path = ProcessCallScheduler.swift; sourceTree = "<group>"; };
		71C568D20E9CFCD24B25DC01 /* SystemPermissions.swift */ = {isa = PBXFileReference; lastKnownFileType = sourcecode.swift; name = SystemPermissions.swift; path = SystemPermissions.swift; sourceTree = "<group>"; };
		579F24895364E39D64929709 /* AXUIElement.swift */ = {isa = PBXFileReference; lastKnownFileType = sourcecode.swift; name = AXUIElement.swift; path = AXUIElement.swift; sourceTree = "<group>"; };
		21D901D74F899BC6C6710AC6 /* ApplicationServices.HIServices.framework.swift */ = {isa = PBXFileReference; lastKnownFileType = sourcecode.swift; name = ApplicationServices.HIServices.framework.swift; path = ApplicationServices.HIServices.framework.swift; sourceTree = "<group>"; };
		373FA8CF7B205895EED5E873 /* CGSSymbolicHotKey.swift */ = {isa = PBXFileReference; lastKnownFileType = sourcecode.swift; name = CGSSymbolicHotKey.swift; path = CGSSymbolicHotKey.swift; sourceTree = "<group>"; };
		11A6C9CE1A3D2638307E43B1 /* CGWindow.swift */ = {isa = PBXFileReference; lastKnownFileType = sourcecode.swift; name = CGWindow.swift; path = CGWindow.swift; sourceTree = "<group>"; };
		6509C5C9D74C1432ACED6DD7 /* CGWindowID.swift */ = {isa = PBXFileReference; lastKnownFileType = sourcecode.swift; name = CGWindowID.swift; path = CGWindowID.swift; sourceTree = "<group>"; };
		76B4693C67C7677A2B1D786E /* HelperExtensions.swift */ = {isa = PBXFileReference; lastKnownFileType = sourcecode.swift; name = HelperExtensions.swift; path = HelperExtensions.swift; sourceTree = "<group>"; };
		49FB9B074096CB4D2DA31C6C /* HelperExtensionsTestable.swift */ = {isa = PBXFileReference; lastKnownFileType = sourcecode.swift; name = HelperExtensionsTestable.swift; path = HelperExtensionsTestable.swift; sourceTree = "<group>"; };
		F1FD1E732415FC82809B362A /* LightweightTimer.swift */ = {isa = PBXFileReference; lastKnownFileType = sourcecode.swift; name = LightweightTimer.swift; path = LightweightTimer.swift; sourceTree = "<group>"; };
		295DAE6F44CCAD47DF4BA11E /* Logger.swift */ = {isa = PBXFileReference; lastKnownFileType = sourcecode.swift; name = Logger.swift; path = Logger.swift; sourceTree = "<group>"; };
		BC2F300CBDB34ADFF6EB81FE /* MissionControl.swift */ = {isa = PBXFileReference; lastKnownFileType = sourcecode.swift; name = MissionControl.swift; path = MissionControl.swift; sourceTree = "<group>"; };
		94A2CE451FFDE4FBA0416C9F /* SkyLight.framework.swift */ = {isa = PBXFileReference; lastKnownFileType = sourcecode.swift; name = SkyLight.framework.swift; path = SkyLight.framework.swift; sourceTree = "<group>"; };
		81A82312EED1C97E00B46FFC /* Sysctl.swift */ = {isa = PBXFileReference; lastKnownFileType = sourcecode.swift; name = Sysctl.swift; path = Sysctl.swift; sourceTree = "<group>"; };
		B6E7F5642D33B12433375A0E /* MacroPreferences.swift */ = {isa = PBXFileReference; lastKnownFileType = sourcecode.swift; name = MacroPreferences.swift; path = MacroPreferences.swift; sourceTree = "<group>"; };
		CD470785A529B1AA1EDEC698 /* PreferenceDefinition.swift */ = {isa = PBXFileReference; lastKnownFileType = sourcecode.swift; name = PreferenceDefinition.swift; path = PreferenceDefinition.swift; sourceTree = "<group>"; };
		5991AD2BE690817BBD1A37E6 /* Preferences.swift */ = {isa = PBXFileReference; lastKnownFileType = sourcecode.swift; name = Preferences.swift; path = Preferences.swift; sourceTree = "<group>"; };
		7A57BF85BF6421613CA995B5 /* PreferencesMigrations.swift */ = {isa = PBXFileReference; lastKnownFileType = sourcecode.swift; name = PreferencesMigrations.swift; path = PreferencesMigrations.swift; sourceTree = "<group>"; };
		0CDC331D57F5EE5CEBEBF634 /* ShortcutConfiguration.swift */ = {isa = PBXFileReference; lastKnownFileType = sourcecode.swift; name = ShortcutConfiguration.swift; path = ShortcutConfiguration.swift; sourceTree = "<group>"; };
		22F2321CF557F05CC681CE04 /* LabelAndControl.swift */ = {isa = PBXFileReference; lastKnownFileType = sourcecode.swift; name = LabelAndControl.swift; path = LabelAndControl.swift; sourceTree = "<group>"; };
		4E8C27680274A0DD6836AF15 /* SettingsWindow.swift */ = {isa = PBXFileReference; lastKnownFileType = sourcecode.swift; name = SettingsWindow.swift; path = SettingsWindow.swift; sourceTree = "<group>"; };
		EF0EFA3C475160C6973BE247 /* TableGroupView.swift */ = {isa = PBXFileReference; lastKnownFileType = sourcecode.swift; name = TableGroupView.swift; path = TableGroupView.swift; sourceTree = "<group>"; };
		1AB1E36FED26430A16EA93F8 /* ControlsTab.swift */ = {isa = PBXFileReference; lastKnownFileType = sourcecode.swift; name = ControlsTab.swift; path = ControlsTab.swift; sourceTree = "<group>"; };
		7A4F1A978AFB2C664EA82F49 /* NativeHotkeyResolver.swift */ = {isa = PBXFileReference; lastKnownFileType = sourcecode.swift; name = NativeHotkeyResolver.swift; path = NativeHotkeyResolver.swift; sourceTree = "<group>"; };
		254008D0743361A79265CE6A /* PermissionView.swift */ = {isa = PBXFileReference; lastKnownFileType = sourcecode.swift; name = PermissionView.swift; path = PermissionView.swift; sourceTree = "<group>"; };
		A8CC6CBE15AC9BAFC96CAEA8 /* PermissionsWindow.swift */ = {isa = PBXFileReference; lastKnownFileType = sourcecode.swift; name = PermissionsWindow.swift; path = PermissionsWindow.swift; sourceTree = "<group>"; };
		C6615A86DF66A6BE3DB17CE9 /* ATShortcut.swift */ = {isa = PBXFileReference; lastKnownFileType = sourcecode.swift; name = ATShortcut.swift; path = ATShortcut.swift; sourceTree = "<group>"; };
		71A9357A8B0D5BBC6E2ACFF1 /* Appearance.swift */ = {isa = PBXFileReference; lastKnownFileType = sourcecode.swift; name = Appearance.swift; path = Appearance.swift; sourceTree = "<group>"; };
		A3F035A5C42F74193E7C93C6 /* AppearanceTestable.swift */ = {isa = PBXFileReference; lastKnownFileType = sourcecode.swift; name = AppearanceTestable.swift; path = AppearanceTestable.swift; sourceTree = "<group>"; };
		64A7BD7240E86297D57FA1A7 /* KeyRepeatTimer.swift */ = {isa = PBXFileReference; lastKnownFileType = sourcecode.swift; name = KeyRepeatTimer.swift; path = KeyRepeatTimer.swift; sourceTree = "<group>"; };
		42F9221C9AD599AD280565BF /* PreviewPanel.swift */ = {isa = PBXFileReference; lastKnownFileType = sourcecode.swift; name = PreviewPanel.swift; path = PreviewPanel.swift; sourceTree = "<group>"; };
		C6A0A532EC8921D473A6B4D6 /* ShortcutAction.swift */ = {isa = PBXFileReference; lastKnownFileType = sourcecode.swift; name = ShortcutAction.swift; path = ShortcutAction.swift; sourceTree = "<group>"; };
		D27432B2281E41F7595D2F89 /* SwitcherSession.swift */ = {isa = PBXFileReference; lastKnownFileType = sourcecode.swift; name = SwitcherSession.swift; path = SwitcherSession.swift; sourceTree = "<group>"; };
		30BE96A17F5F72A47A26DED9 /* StatusIconsView.swift */ = {isa = PBXFileReference; lastKnownFileType = sourcecode.swift; name = StatusIconsView.swift; path = StatusIconsView.swift; sourceTree = "<group>"; };
		BF23CD2B0253FBAD6E66A71F /* TileFontIconView.swift */ = {isa = PBXFileReference; lastKnownFileType = sourcecode.swift; name = TileFontIconView.swift; path = TileFontIconView.swift; sourceTree = "<group>"; };
		076D6F41EE19B43B99A79408 /* TileOverView.swift */ = {isa = PBXFileReference; lastKnownFileType = sourcecode.swift; name = TileOverView.swift; path = TileOverView.swift; sourceTree = "<group>"; };
		834E854E83E7E43D0BAD4EF9 /* TileTitleView.swift */ = {isa = PBXFileReference; lastKnownFileType = sourcecode.swift; name = TileTitleView.swift; path = TileTitleView.swift; sourceTree = "<group>"; };
		B453FC164DC4A9A1B7709FBC /* TileUnderLayer.swift */ = {isa = PBXFileReference; lastKnownFileType = sourcecode.swift; name = TileUnderLayer.swift; path = TileUnderLayer.swift; sourceTree = "<group>"; };
		A4FE3B173441A4D8BA988C0E /* TileView.swift */ = {isa = PBXFileReference; lastKnownFileType = sourcecode.swift; name = TileView.swift; path = TileView.swift; sourceTree = "<group>"; };
		3EBDD1F6C14E72D345A7F9F6 /* TilesPanel.swift */ = {isa = PBXFileReference; lastKnownFileType = sourcecode.swift; name = TilesPanel.swift; path = TilesPanel.swift; sourceTree = "<group>"; };
		95F7680252D8E43D9FC43815 /* TilesPanelBackgroundView.swift */ = {isa = PBXFileReference; lastKnownFileType = sourcecode.swift; name = TilesPanelBackgroundView.swift; path = TilesPanelBackgroundView.swift; sourceTree = "<group>"; };
		C2399ABBABC04165D16F2244 /* TilesView.swift */ = {isa = PBXFileReference; lastKnownFileType = sourcecode.swift; name = TilesView.swift; path = TilesView.swift; sourceTree = "<group>"; };
		F3EA3AD9041D7DAE8337B51B /* Application.swift */ = {isa = PBXFileReference; lastKnownFileType = sourcecode.swift; name = Application.swift; path = Application.swift; sourceTree = "<group>"; };
		CEC407287549A0F65CB16A2D /* ApplicationDiscriminator.swift */ = {isa = PBXFileReference; lastKnownFileType = sourcecode.swift; name = ApplicationDiscriminator.swift; path = ApplicationDiscriminator.swift; sourceTree = "<group>"; };
		20D6C1F437A4E3762FA77A7C /* ApplicationState.swift */ = {isa = PBXFileReference; lastKnownFileType = sourcecode.swift; name = ApplicationState.swift; path = ApplicationState.swift; sourceTree = "<group>"; };
		0037CB9B6BCDD649AC9E1B24 /* Applications.swift */ = {isa = PBXFileReference; lastKnownFileType = sourcecode.swift; name = Applications.swift; path = Applications.swift; sourceTree = "<group>"; };
		A8066D5547BE110E5BCCFD64 /* ExceptionMatcher.swift */ = {isa = PBXFileReference; lastKnownFileType = sourcecode.swift; name = ExceptionMatcher.swift; path = ExceptionMatcher.swift; sourceTree = "<group>"; };
		D10D23B5F633F515B4972E62 /* PhantomWindowDetector.swift */ = {isa = PBXFileReference; lastKnownFileType = sourcecode.swift; name = PhantomWindowDetector.swift; path = PhantomWindowDetector.swift; sourceTree = "<group>"; };
		F0B1737850927F12DC10DF04 /* Screens.swift */ = {isa = PBXFileReference; lastKnownFileType = sourcecode.swift; name = Screens.swift; path = Screens.swift; sourceTree = "<group>"; };
		2CE235AAE6C0027AF4E3882A /* SelectionResolver.swift */ = {isa = PBXFileReference; lastKnownFileType = sourcecode.swift; name = SelectionResolver.swift; path = SelectionResolver.swift; sourceTree = "<group>"; };
		F2838E74B131AD7E1EB69931 /* Spaces.swift */ = {isa = PBXFileReference; lastKnownFileType = sourcecode.swift; name = Spaces.swift; path = Spaces.swift; sourceTree = "<group>"; };
		80B5E2D708A5EB113648E9D3 /* TabGroup.swift */ = {isa = PBXFileReference; lastKnownFileType = sourcecode.swift; name = TabGroup.swift; path = TabGroup.swift; sourceTree = "<group>"; };
		B0CABF28A80CDD4DFF3CAE58 /* Window.swift */ = {isa = PBXFileReference; lastKnownFileType = sourcecode.swift; name = Window.swift; path = Window.swift; sourceTree = "<group>"; };
		40B046BE979A1C1D912CE072 /* WindowDiscriminator.swift */ = {isa = PBXFileReference; lastKnownFileType = sourcecode.swift; name = WindowDiscriminator.swift; path = WindowDiscriminator.swift; sourceTree = "<group>"; };
		5CA5E6BC879D2EA364E1BE6E /* WindowFilterResolver.swift */ = {isa = PBXFileReference; lastKnownFileType = sourcecode.swift; name = WindowFilterResolver.swift; path = WindowFilterResolver.swift; sourceTree = "<group>"; };
		F109666A0C3B39C50E1BD689 /* WindowOrderResolver.swift */ = {isa = PBXFileReference; lastKnownFileType = sourcecode.swift; name = WindowOrderResolver.swift; path = WindowOrderResolver.swift; sourceTree = "<group>"; };
		F9FBC956E1ED02F211C5B474 /* WindowState.swift */ = {isa = PBXFileReference; lastKnownFileType = sourcecode.swift; name = WindowState.swift; path = WindowState.swift; sourceTree = "<group>"; };
		E5513040883213BA38C70467 /* WindowThumbnails.swift */ = {isa = PBXFileReference; lastKnownFileType = sourcecode.swift; name = WindowThumbnails.swift; path = WindowThumbnails.swift; sourceTree = "<group>"; };
		E59D7D533CDEA8DF18C69AEC /* Windows.swift */ = {isa = PBXFileReference; lastKnownFileType = sourcecode.swift; name = Windows.swift; path = Windows.swift; sourceTree = "<group>"; };
		73A55921FA29FD1AA1C5AB97 /* BackgroundWork.swift */ = {isa = PBXFileReference; lastKnownFileType = sourcecode.swift; name = BackgroundWork.swift; path = BackgroundWork.swift; sourceTree = "<group>"; };
		D55655C8600E30FC5E4F53CB /* SchedulingPolicy.swift */ = {isa = PBXFileReference; lastKnownFileType = sourcecode.swift; name = SchedulingPolicy.swift; path = SchedulingPolicy.swift; sourceTree = "<group>"; };
		0731D83E557F34CC2412CD91 /* Throttler.swift */ = {isa = PBXFileReference; lastKnownFileType = sourcecode.swift; name = Throttler.swift; path = Throttler.swift; sourceTree = "<group>"; };
		75ACBEA3B5EE2B64F5484218 /* ObjCExceptionCatcher.m */ = {isa = PBXFileReference; lastKnownFileType = sourcecode.c.objc; name = ObjCExceptionCatcher.m; path = ObjCExceptionCatcher.m; sourceTree = "<group>"; };
		EBD9D9D0B26D0C7B4520FF2F /* SF-Pro-Text-Regular.otf */ = {isa = PBXFileReference; lastKnownFileType = font; name = SF-Pro-Text-Regular.otf; path = SF-Pro-Text-Regular.otf; sourceTree = "<group>"; };
		B27D24BC921913ACFCBF7CEE /* app.icns */ = {isa = PBXFileReference; lastKnownFileType = image.icns; name = app.icns; path = app.icns; sourceTree = "<group>"; };
		BC69DCEC94092639232A2259 /* menubar-0.pdf */ = {isa = PBXFileReference; lastKnownFileType = image.pdf; name = menubar-0.pdf; path = menubar-0.pdf; sourceTree = "<group>"; };
		67534DDEDB16E6DCF8335746 /* menubar-1.pdf */ = {isa = PBXFileReference; lastKnownFileType = image.pdf; name = menubar-1.pdf; path = menubar-1.pdf; sourceTree = "<group>"; };
		ADDF38CB0E1C11654DD9FBD2 /* menubar-2.pdf */ = {isa = PBXFileReference; lastKnownFileType = image.pdf; name = menubar-2.pdf; path = menubar-2.pdf; sourceTree = "<group>"; };
		54AB11D95F2705AA077A9BF3 /* InfoPlist.strings */ = {isa = PBXFileReference; lastKnownFileType = text.plist.strings; name = InfoPlist.strings; path = InfoPlist.strings; sourceTree = "<group>"; };
		1082C0C7187C172202818630 /* Localizable.strings */ = {isa = PBXFileReference; lastKnownFileType = text.plist.strings; name = Localizable.strings; path = Localizable.strings; sourceTree = "<group>"; };
		28C9C51849344B32694B9DBB /* InfoPlist.strings */ = {isa = PBXFileReference; lastKnownFileType = text.plist.strings; name = InfoPlist.strings; path = InfoPlist.strings; sourceTree = "<group>"; };
		CA8B381B478E654DE1E51164 /* Localizable.strings */ = {isa = PBXFileReference; lastKnownFileType = text.plist.strings; name = Localizable.strings; path = Localizable.strings; sourceTree = "<group>"; };

		2F58211A31D2969E9914E667 /* base.xcconfig */ = {isa = PBXFileReference; lastKnownFileType = text.xcconfig; path = base.xcconfig; sourceTree = "<group>"; };
		ADC33F6F37FE343AA182B1B6 /* debug.xcconfig */ = {isa = PBXFileReference; lastKnownFileType = text.xcconfig; path = debug.xcconfig; sourceTree = "<group>"; };
		4C3E1B9441F5BE17B37AD60B /* release.xcconfig */ = {isa = PBXFileReference; lastKnownFileType = text.xcconfig; path = release.xcconfig; sourceTree = "<group>"; };
		79A5A070CB715BD04A165AD2 /* local.xcconfig */ = {isa = PBXFileReference; lastKnownFileType = text.xcconfig; path = local.xcconfig; sourceTree = "<group>"; };
		D1B3C67B9F9EE3ABB1E293BE /* test-base.xcconfig */ = {isa = PBXFileReference; lastKnownFileType = text.xcconfig; path = test-base.xcconfig; sourceTree = "<group>"; };
		27EE7948CE7FBEF38CA784DE /* test-debug.xcconfig */ = {isa = PBXFileReference; lastKnownFileType = text.xcconfig; path = test-debug.xcconfig; sourceTree = "<group>"; };
		1ACB1E86E082A1B937EC92F7 /* test-release.xcconfig */ = {isa = PBXFileReference; lastKnownFileType = text.xcconfig; path = test-release.xcconfig; sourceTree = "<group>"; };

/* End PBXFileReference section */

/* Begin PBXGroup section */
		B9340614599AB78F485950C7 = {
			isa = PBXGroup;
			children = (
				1129B6A53940C88B539F2B2B /* src */,
				AAE953452CCD6DDD91445CEA /* resources */,
				1029F7BBD2FC8876965F659D /* config */,
				649F037DD903349A9F8F2971 /* Frameworks */,
				547D009064F7C3F13BEF3460 /* Products */,
				B15A13ACECE86FF5B996CE6C /* Info.plist */,
				9BB7B6A8B9F832598CFC262B /* alt_tab_macos.entitlements */,
				62DE415837EEEA7F19BDFB92 /* alt-tab-light-Bridging-Header.h */,
			);
			sourceTree = "<group>";
		};

		547D009064F7C3F13BEF3460 = {
			isa = PBXGroup;
			children = (
				84337AD8D27FCD69AF2C4FC2 /* AltTabLight.app */,
			);
			name = Products;
			sourceTree = "<group>";
		};

		649F037DD903349A9F8F2971 = {
			isa = PBXGroup;
			children = (
				5F5EFECB259EEC133B8D8157 /* SkyLight.framework */,
			);
			name = Frameworks;
			sourceTree = "<group>";
		};

		1029F7BBD2FC8876965F659D /* config */ = {
			isa = PBXGroup;
			children = (
				2F58211A31D2969E9914E667 /* base.xcconfig */,
				ADC33F6F37FE343AA182B1B6 /* debug.xcconfig */,
				4C3E1B9441F5BE17B37AD60B /* release.xcconfig */,
				79A5A070CB715BD04A165AD2 /* local.xcconfig */,
				D1B3C67B9F9EE3ABB1E293BE /* test-base.xcconfig */,
				27EE7948CE7FBEF38CA784DE /* test-debug.xcconfig */,
				1ACB1E86E082A1B937EC92F7 /* test-release.xcconfig */,
			);
			path = config;
			sourceTree = "<group>";
		};

		1129B6A53940C88B539F2B2B /* src */ = {
			isa = PBXGroup;
			children = (
				C8FDA486631B58181A4154FB /* App.swift */,
				FCE749A93A95791658AAAC6A /* MainMenu.swift */,
				5B3D26F8D073DF4F406DFE9A /* Menubar.swift */,
				72C7BCCDC699D753DD2F4F9A /* events */,
				3E8C6C733BF1A0CB5EE1AAD7 /* kit */,
				D9C3F2A4D8D60556ED023D43 /* macos */,
				635333238E62C4AAA0341268 /* main.swift */,
				F5B2A77D578043C86B37047D /* preferences */,
				11D2BB188362DCFC384AE8E4 /* secondary-windows */,
				D92F99FBD7EC848C89F268C1 /* switcher */,
				2BE6BD0D241BB48A32A8B585 /* util */,
				0E5E95B2A13FD876364A12BC /* vendors */,
			);
			path = src;
			sourceTree = "<group>";
		};

		AAE953452CCD6DDD91445CEA /* resources */ = {
			isa = PBXGroup;
			children = (
				EBD9D9D0B26D0C7B4520FF2F /* SF-Pro-Text-Regular.otf */,
				72A625AF3C1E234D30012B9D /* icons */,
				63205832ACF6B14F344B4C4A /* l10n */,
			);
			path = resources;
			sourceTree = "<group>";
		};

		72C7BCCDC699D753DD2F4F9A /* events */ = {
			isa = PBXGroup;
			children = (
				DC85B35A36EF39F317856AC4 /* AccessibilityEvents.swift */,
				3E11426B349D569C013CB8EA /* AxEventRouting.swift */,
				AE7F463C23EF545129668283 /* CursorEvents.swift */,
				BB59E2319E9879ABECBCCE41 /* KeyboardEvents.swift */,
				9156D8E62703BDEC751A53C3 /* KeyboardEventsTestable.swift */,
				0113679549FBB61019A0C121 /* PreferencesEvents.swift */,
				4A6A5D9BE93A6FD2D49F1F87 /* RunningApplicationsEvents.swift */,
				836678F006C3E0C85E631081 /* ScreenLockEvents.swift */,
				19076E7ED85FDF265B1200B5 /* ScreensEvents.swift */,
				E177F187E648CC5A5933BC26 /* SleepWakeEvents.swift */,
				1DFECE91A3A54249DE8ED99E /* SpacesEvents.swift */,
				55A30CC098E94042C5CF1EF6 /* WindowCaptureEvents.swift */,
			);
			path = events;
			sourceTree = "<group>";
		};
		75E17284A8676629A02068BE /* text */ = {
			isa = PBXGroup;
			children = (
				0856D9E48D07EB7F2A779187 /* BoldLabel.swift */,
				B25A1EA5C2D3383224513EF9 /* DynamicColorTextField.swift */,
				B52126A295E98060EF053C3E /* HyperlinkLabel.swift */,
				AE805C329A6102ADA5F9803F /* LightLabel.swift */,
				70508C23FD97BEA6BF036716 /* TextArea.swift */,
				D5712BBD4C4551EF578FA817 /* TextField.swift */,
				CA77C40A52737E7E27E0C746 /* TitleLabel.swift */,
			);
			path = text;
			sourceTree = "<group>";
		};
		3E8C6C733BF1A0CB5EE1AAD7 /* kit */ = {
			isa = PBXGroup;
			children = (
				8C341A02B64E57BBA282058A /* Button.swift */,
				118E2959DE3010C15EF88F13 /* CustomRecorderControl.swift */,
				AD48675F90A4A0E08381405B /* GridView.swift */,
				43779E30DC838CA99F92B8F2 /* ImageTextButtonView.swift */,
				1151617CADC9A43C9F195B94 /* LightImageLayer.swift */,
				081B03178F3D5F156A1E6D0B /* LightImageView.swift */,
				64AAA5463AAC5B6C2F0B430C /* PopupButtonLikeSystemSettings.swift */,
				F3727CC83B37011674B34465 /* StackView.swift */,
				CF14255D715FB89FF0D80D6B /* Switch.swift */,
				5CD555C7A17F61CE836CECB6 /* TableView.swift */,
				EA45622D7E5F51A69B0EAB23 /* Tooltips.swift */,
				8F0212273CE6DC86C3030801 /* TrafficLightButton.swift */,
				47A4E4FAF236AC97705A7915 /* WindowlessAppIndicator.swift */,
				75E17284A8676629A02068BE /* text */,
			);
			path = kit;
			sourceTree = "<group>";
		};
		3D6024223EDB785416D690EB /* api-wrappers */ = {
			isa = PBXGroup;
			children = (
				579F24895364E39D64929709 /* AXUIElement.swift */,
				21D901D74F899BC6C6710AC6 /* ApplicationServices.HIServices.framework.swift */,
				373FA8CF7B205895EED5E873 /* CGSSymbolicHotKey.swift */,
				11A6C9CE1A3D2638307E43B1 /* CGWindow.swift */,
				6509C5C9D74C1432ACED6DD7 /* CGWindowID.swift */,
				76B4693C67C7677A2B1D786E /* HelperExtensions.swift */,
				49FB9B074096CB4D2DA31C6C /* HelperExtensionsTestable.swift */,
				F1FD1E732415FC82809B362A /* LightweightTimer.swift */,
				295DAE6F44CCAD47DF4BA11E /* Logger.swift */,
				BC2F300CBDB34ADFF6EB81FE /* MissionControl.swift */,
				94A2CE451FFDE4FBA0416C9F /* SkyLight.framework.swift */,
				81A82312EED1C97E00B46FFC /* Sysctl.swift */,
			);
			path = api-wrappers;
			sourceTree = "<group>";
		};
		D9C3F2A4D8D60556ED023D43 /* macos */ = {
			isa = PBXGroup;
			children = (
				17D42E6A5A46D380EFBFDDF4 /* AXCallScheduler.swift */,
				A017180211866A902B8BEBFC /* CGSCallScheduler.swift */,
				C7369017B815353A77FF685F /* PermissionCalloutResolver.swift */,
				A8CEE8EFF9234C1F8BDC8D32 /* ProcessCallScheduler.swift */,
				71C568D20E9CFCD24B25DC01 /* SystemPermissions.swift */,
				3D6024223EDB785416D690EB /* api-wrappers */,
			);
			path = macos;
			sourceTree = "<group>";
		};
		5D804D97EED99B9EDA78CD65 /* controls */ = {
			isa = PBXGroup;
			children = (
				1AB1E36FED26430A16EA93F8 /* ControlsTab.swift */,
				7A4F1A978AFB2C664EA82F49 /* NativeHotkeyResolver.swift */,
			);
			path = controls;
			sourceTree = "<group>";
		};
		9D6B6BCAF63B6E3C5177728C /* tabs */ = {
			isa = PBXGroup;
			children = (
				5D804D97EED99B9EDA78CD65 /* controls */,
			);
			path = tabs;
			sourceTree = "<group>";
		};
		B9D31E0CB1A0664BD60C40C2 /* settings-window */ = {
			isa = PBXGroup;
			children = (
				22F2321CF557F05CC681CE04 /* LabelAndControl.swift */,
				4E8C27680274A0DD6836AF15 /* SettingsWindow.swift */,
				EF0EFA3C475160C6973BE247 /* TableGroupView.swift */,
				9D6B6BCAF63B6E3C5177728C /* tabs */,
			);
			path = settings-window;
			sourceTree = "<group>";
		};
		F5B2A77D578043C86B37047D /* preferences */ = {
			isa = PBXGroup;
			children = (
				B6E7F5642D33B12433375A0E /* MacroPreferences.swift */,
				CD470785A529B1AA1EDEC698 /* PreferenceDefinition.swift */,
				5991AD2BE690817BBD1A37E6 /* Preferences.swift */,
				7A57BF85BF6421613CA995B5 /* PreferencesMigrations.swift */,
				0CDC331D57F5EE5CEBEBF634 /* ShortcutConfiguration.swift */,
				B9D31E0CB1A0664BD60C40C2 /* settings-window */,
			);
			path = preferences;
			sourceTree = "<group>";
		};
		685C24B5830649E758155714 /* permission-window */ = {
			isa = PBXGroup;
			children = (
				254008D0743361A79265CE6A /* PermissionView.swift */,
				A8CC6CBE15AC9BAFC96CAEA8 /* PermissionsWindow.swift */,
			);
			path = permission-window;
			sourceTree = "<group>";
		};
		11D2BB188362DCFC384AE8E4 /* secondary-windows */ = {
			isa = PBXGroup;
			children = (
				685C24B5830649E758155714 /* permission-window */,
			);
			path = secondary-windows;
			sourceTree = "<group>";
		};
		F58855B6AA57E142667C06E8 /* main-window */ = {
			isa = PBXGroup;
			children = (
				30BE96A17F5F72A47A26DED9 /* StatusIconsView.swift */,
				BF23CD2B0253FBAD6E66A71F /* TileFontIconView.swift */,
				076D6F41EE19B43B99A79408 /* TileOverView.swift */,
				834E854E83E7E43D0BAD4EF9 /* TileTitleView.swift */,
				B453FC164DC4A9A1B7709FBC /* TileUnderLayer.swift */,
				A4FE3B173441A4D8BA988C0E /* TileView.swift */,
				3EBDD1F6C14E72D345A7F9F6 /* TilesPanel.swift */,
				95F7680252D8E43D9FC43815 /* TilesPanelBackgroundView.swift */,
				C2399ABBABC04165D16F2244 /* TilesView.swift */,
			);
			path = main-window;
			sourceTree = "<group>";
		};
		5F92F97504925649EB1EAB6F /* state */ = {
			isa = PBXGroup;
			children = (
				F3EA3AD9041D7DAE8337B51B /* Application.swift */,
				CEC407287549A0F65CB16A2D /* ApplicationDiscriminator.swift */,
				20D6C1F437A4E3762FA77A7C /* ApplicationState.swift */,
				0037CB9B6BCDD649AC9E1B24 /* Applications.swift */,
				A8066D5547BE110E5BCCFD64 /* ExceptionMatcher.swift */,
				D10D23B5F633F515B4972E62 /* PhantomWindowDetector.swift */,
				F0B1737850927F12DC10DF04 /* Screens.swift */,
				2CE235AAE6C0027AF4E3882A /* SelectionResolver.swift */,
				F2838E74B131AD7E1EB69931 /* Spaces.swift */,
				80B5E2D708A5EB113648E9D3 /* TabGroup.swift */,
				B0CABF28A80CDD4DFF3CAE58 /* Window.swift */,
				40B046BE979A1C1D912CE072 /* WindowDiscriminator.swift */,
				5CA5E6BC879D2EA364E1BE6E /* WindowFilterResolver.swift */,
				F109666A0C3B39C50E1BD689 /* WindowOrderResolver.swift */,
				F9FBC956E1ED02F211C5B474 /* WindowState.swift */,
				E5513040883213BA38C70467 /* WindowThumbnails.swift */,
				E59D7D533CDEA8DF18C69AEC /* Windows.swift */,
			);
			path = state;
			sourceTree = "<group>";
		};
		D92F99FBD7EC848C89F268C1 /* switcher */ = {
			isa = PBXGroup;
			children = (
				C6615A86DF66A6BE3DB17CE9 /* ATShortcut.swift */,
				71A9357A8B0D5BBC6E2ACFF1 /* Appearance.swift */,
				A3F035A5C42F74193E7C93C6 /* AppearanceTestable.swift */,
				64A7BD7240E86297D57FA1A7 /* KeyRepeatTimer.swift */,
				42F9221C9AD599AD280565BF /* PreviewPanel.swift */,
				C6A0A532EC8921D473A6B4D6 /* ShortcutAction.swift */,
				D27432B2281E41F7595D2F89 /* SwitcherSession.swift */,
				F58855B6AA57E142667C06E8 /* main-window */,
				5F92F97504925649EB1EAB6F /* state */,
			);
			path = switcher;
			sourceTree = "<group>";
		};
		2BE6BD0D241BB48A32A8B585 /* util */ = {
			isa = PBXGroup;
			children = (
				73A55921FA29FD1AA1C5AB97 /* BackgroundWork.swift */,
				D55655C8600E30FC5E4F53CB /* SchedulingPolicy.swift */,
				0731D83E557F34CC2412CD91 /* Throttler.swift */,
			);
			path = util;
			sourceTree = "<group>";
		};
		0E5E95B2A13FD876364A12BC /* vendors */ = {
			isa = PBXGroup;
			children = (
				75ACBEA3B5EE2B64F5484218 /* ObjCExceptionCatcher.m */,
			);
			path = vendors;
			sourceTree = "<group>";
		};

		F7AC4E2F13186B279DC46534 /* app */ = {
			isa = PBXGroup;
			children = (
				B27D24BC921913ACFCBF7CEE /* app.icns */,
			);
			path = app;
			sourceTree = "<group>";
		};
		3A5DFCA2599B5F1F9F55BE8C /* menubar */ = {
			isa = PBXGroup;
			children = (
				BC69DCEC94092639232A2259 /* menubar-0.pdf */,
				67534DDEDB16E6DCF8335746 /* menubar-1.pdf */,
				ADDF38CB0E1C11654DD9FBD2 /* menubar-2.pdf */,
			);
			path = menubar;
			sourceTree = "<group>";
		};
		72A625AF3C1E234D30012B9D /* icons */ = {
			isa = PBXGroup;
			children = (
				F7AC4E2F13186B279DC46534 /* app */,
				3A5DFCA2599B5F1F9F55BE8C /* menubar */,
			);
			path = icons;
			sourceTree = "<group>";
		};
		5BE486EABD6D9956E41CBAC5 /* en.lproj */ = {
			isa = PBXGroup;
			children = (
				54AB11D95F2705AA077A9BF3 /* InfoPlist.strings */,
				1082C0C7187C172202818630 /* Localizable.strings */,
			);
			path = en.lproj;
			sourceTree = "<group>";
		};
		A1E227C48117383DFCF997F9 /* ja.lproj */ = {
			isa = PBXGroup;
			children = (
				28C9C51849344B32694B9DBB /* InfoPlist.strings */,
				CA8B381B478E654DE1E51164 /* Localizable.strings */,
			);
			path = ja.lproj;
			sourceTree = "<group>";
		};
		63205832ACF6B14F344B4C4A /* l10n */ = {
			isa = PBXGroup;
			children = (
				5BE486EABD6D9956E41CBAC5 /* en.lproj */,
				A1E227C48117383DFCF997F9 /* ja.lproj */,
			);
			path = l10n;
			sourceTree = "<group>";
		};

/* End PBXGroup section */

/* Begin PBXSourcesBuildPhase section */
		7A70D71C385290AF96BF1031 /* Sources */ = {
			isa = PBXSourcesBuildPhase;
			buildActionMask = 2147483647;
			files = (

				D302B72D199B658360B47285 /* App.swift in Sources */,

				C87B046782CA2F8C615B3D5B /* MainMenu.swift in Sources */,

				87B99314696E3D4072841415 /* Menubar.swift in Sources */,

				BD98D9B471659056B2CA33FB /* main.swift in Sources */,

				B3BAC715A7AF06E33EE55050 /* AccessibilityEvents.swift in Sources */,

				4985B5DFC092D77EB2C56852 /* AxEventRouting.swift in Sources */,

				C5483EA7CB4B8C1270566BE8 /* CursorEvents.swift in Sources */,

				DF7385B87E8C39D170B72205 /* KeyboardEvents.swift in Sources */,

				D07C6A6CCB69A4BAD12F9E91 /* KeyboardEventsTestable.swift in Sources */,

				960FE706A582D074EC8F45FE /* PreferencesEvents.swift in Sources */,

				54525E52D0814CF722018B29 /* RunningApplicationsEvents.swift in Sources */,

				A54C649F1568BA89FB830998 /* ScreenLockEvents.swift in Sources */,

				8ED89B3AFF99C22C4B05B2F0 /* ScreensEvents.swift in Sources */,

				9C82F02A0DA7CC635FDB3B76 /* SleepWakeEvents.swift in Sources */,

				5A2DCE02CEC8AFFB28E0C8A3 /* SpacesEvents.swift in Sources */,

				7ADDE10F0D23E7501EEF02A3 /* WindowCaptureEvents.swift in Sources */,

				2F97A52EE4BCA755D9D80D8D /* Button.swift in Sources */,

				771DF45841602F8494A3377D /* CustomRecorderControl.swift in Sources */,

				D4790874642E6A89E68DBAEC /* GridView.swift in Sources */,

				6EF15DAE7314A1371E49B5B6 /* ImageTextButtonView.swift in Sources */,

				433C824C2FDFDA2DFAFBB2CC /* LightImageLayer.swift in Sources */,

				C1407C820E4ADDD4984EB060 /* LightImageView.swift in Sources */,

				4A125ED07BB2E1C5967064CB /* PopupButtonLikeSystemSettings.swift in Sources */,

				40A5D65A8FC3DAA57127EFFE /* StackView.swift in Sources */,

				D7D80E6A3A15A334510B0912 /* Switch.swift in Sources */,

				D7644BE88C32C5FA5520D65D /* TableView.swift in Sources */,

				9590B437CE31F2C102F956D8 /* Tooltips.swift in Sources */,

				FDB2CE4F324E354B241EE0FF /* TrafficLightButton.swift in Sources */,

				0792393A7C4A1A309A51ECC5 /* WindowlessAppIndicator.swift in Sources */,

				01E129806302C40745650885 /* BoldLabel.swift in Sources */,

				893C6C5F00EE0F32663F4E90 /* DynamicColorTextField.swift in Sources */,

				3D5612E31633EF7F4C88EC42 /* HyperlinkLabel.swift in Sources */,

				DD3F6B77E04DF74AEE4572D7 /* LightLabel.swift in Sources */,

				3071B6AE6D09D3AB2FE231FB /* TextArea.swift in Sources */,

				5129B77104232073F6EBE43C /* TextField.swift in Sources */,

				D27C62D25A54B8B827F1C599 /* TitleLabel.swift in Sources */,

				6A52E13C9CEE587BC7909300 /* AXCallScheduler.swift in Sources */,

				4BA2E82F89ADAAA2BDF46BB0 /* CGSCallScheduler.swift in Sources */,

				4DC38EEA56DF70DEF90EED0F /* PermissionCalloutResolver.swift in Sources */,

				01E93698915A2A4AED4AA1F9 /* ProcessCallScheduler.swift in Sources */,

				A99B7A558E0E92756D742C8F /* SystemPermissions.swift in Sources */,

				07777C62236C35AFE5D16E15 /* AXUIElement.swift in Sources */,

				ED3BA24FD8D5BDC3C5511A15 /* ApplicationServices.HIServices.framework.swift in Sources */,

				9D3DBF02954B7F933E42DA65 /* CGSSymbolicHotKey.swift in Sources */,

				7BEF815D594AE4D31F2733F4 /* CGWindow.swift in Sources */,

				E862DF070C12CE693A8A437B /* CGWindowID.swift in Sources */,

				2B94AB9752E1FD2B09992FB6 /* HelperExtensions.swift in Sources */,

				793EF17A28C92213C468295A /* HelperExtensionsTestable.swift in Sources */,

				0A12CC02A908E325B2E1D8BC /* LightweightTimer.swift in Sources */,

				9BE6E4F53A726FC9FAD20819 /* Logger.swift in Sources */,

				2F88CDFC747BC6D107CBA40E /* MissionControl.swift in Sources */,

				D0EE1D8A9A33671B5294BFF5 /* SkyLight.framework.swift in Sources */,

				3F3D9FD96E03F9A54BE18B92 /* Sysctl.swift in Sources */,

				20EB4590284758AF38E95A50 /* MacroPreferences.swift in Sources */,

				1145676B27593535080ECCE8 /* PreferenceDefinition.swift in Sources */,

				3803347E3FD0E7795B230716 /* Preferences.swift in Sources */,

				C288DF1274D122BFE54E0E4A /* PreferencesMigrations.swift in Sources */,

				EF4DB6445D383BE595240162 /* ShortcutConfiguration.swift in Sources */,

				13829F91CF101CAF376A2DB1 /* LabelAndControl.swift in Sources */,

				C68974CD8D03CE2429BEAA4B /* SettingsWindow.swift in Sources */,

				82178C263C5B7E362EB148A4 /* TableGroupView.swift in Sources */,

				BA564A2BFF23100D739B47D0 /* ControlsTab.swift in Sources */,

				1BBA7A1FEC708E27D7557E6F /* NativeHotkeyResolver.swift in Sources */,

				BA456CEC1305764BCC9547F1 /* PermissionView.swift in Sources */,

				8B1A798E527782315C313660 /* PermissionsWindow.swift in Sources */,

				1D4D082ED862EBA216FDED4D /* ATShortcut.swift in Sources */,

				F9B7626CFC9A6ECC464F8262 /* Appearance.swift in Sources */,

				DE437300579D0DDDACE80D0F /* AppearanceTestable.swift in Sources */,

				C9A874C49A8AB1593033AACA /* KeyRepeatTimer.swift in Sources */,

				DC12BB6C5673D3D47250CDBC /* PreviewPanel.swift in Sources */,

				2CEB57CE37C8D73AB4FDEECD /* ShortcutAction.swift in Sources */,

				352EB160675DD38DE950A5C9 /* SwitcherSession.swift in Sources */,

				102D7C2B48088C3017381AE3 /* StatusIconsView.swift in Sources */,

				7CA33F874F3E54E299D81498 /* TileFontIconView.swift in Sources */,

				0E03D347F86194EED0FDF78D /* TileOverView.swift in Sources */,

				1DDE8AB101D03D95C085AAE5 /* TileTitleView.swift in Sources */,

				C140DAB1DEDF51F8F40DC878 /* TileUnderLayer.swift in Sources */,

				CEE20CDA2FD6E7B972A8D9ED /* TileView.swift in Sources */,

				0233463D0444AF31358CD97F /* TilesPanel.swift in Sources */,

				4EA64D77C2431B5B1A4F6EC3 /* TilesPanelBackgroundView.swift in Sources */,

				D053ABBC3209B263FA59DF1F /* TilesView.swift in Sources */,

				CA2C96A4E9FA0E151F5A5814 /* Application.swift in Sources */,

				45A1FDFE88C4BFC4E299B372 /* ApplicationDiscriminator.swift in Sources */,

				839E21C032932861F98E9C79 /* ApplicationState.swift in Sources */,

				E295C89D608BC271EB105E3B /* Applications.swift in Sources */,

				82A7EF97E24AAABB461A27F1 /* ExceptionMatcher.swift in Sources */,

				DBF6460D7FA054E7A88527CB /* PhantomWindowDetector.swift in Sources */,

				378550D8158AFD3F4F5F78A0 /* Screens.swift in Sources */,

				350CBD07A51A6ECA7F9EE5F0 /* SelectionResolver.swift in Sources */,

				F9F273B580E856ACD8DF35DE /* Spaces.swift in Sources */,

				DBE882D9BF8EBD82071E6368 /* TabGroup.swift in Sources */,

				7CF4A0DD6C5189BEA8A04CAF /* Window.swift in Sources */,

				D50B758BBC8D2EBD46EFC9A4 /* WindowDiscriminator.swift in Sources */,

				E2995AD4B917EB7A3BE9AA0F /* WindowFilterResolver.swift in Sources */,

				642BEA5C8C8CB4A3DD5B231E /* WindowOrderResolver.swift in Sources */,

				19FBD5BFB9363F9F38FE62C3 /* WindowState.swift in Sources */,

				D877040DF9D114B96B1A7C94 /* WindowThumbnails.swift in Sources */,

				6C3EEBF4EB7EC62A5169AA9A /* Windows.swift in Sources */,

				8042C977CF1207F4F738FAAE /* BackgroundWork.swift in Sources */,

				63C4342AE2A7FEF013919D06 /* SchedulingPolicy.swift in Sources */,

				0033F7BC64B17B68EF6AE97A /* Throttler.swift in Sources */,

				057BBF8A19310940EBBD18F6 /* ObjCExceptionCatcher.m in Sources */,

			);
			runOnlyForDeploymentPostprocessing = 0;
		};
/* End PBXSourcesBuildPhase section */

/* Begin PBXFrameworksBuildPhase section */
		424153ED3CD079DB4DB459AF /* Frameworks */ = {
			isa = PBXFrameworksBuildPhase;
			buildActionMask = 2147483647;
			files = (
				08DA7FDDD89578B0DD13074C /* SkyLight.framework in Frameworks */,
				2860BA206A9661F370AEDD13 /* ShortcutRecorder in Frameworks */,
			);
			runOnlyForDeploymentPostprocessing = 0;
		};
/* End PBXFrameworksBuildPhase section */

/* Begin PBXResourcesBuildPhase section */
		285BB1C1430063331E9F5DD0 /* Resources */ = {
			isa = PBXResourcesBuildPhase;
			buildActionMask = 2147483647;
			files = (

				E8FDF0628368A96925624C79 /* SF-Pro-Text-Regular.otf in Resources */,

				F93614030A31591F4403809C /* app.icns in Resources */,

				60A5A3CFA5D556EDECAFB461 /* menubar-0.pdf in Resources */,

				6108E5978376336186536E13 /* menubar-1.pdf in Resources */,

				7938F24ED005330A322B9100 /* menubar-2.pdf in Resources */,

				1D50EB38F3401425213F0BAC /* InfoPlist.strings in Resources */,

				C16DBF0CC23F641DBA21EC8B /* Localizable.strings in Resources */,

				54E109A3964EA83ADE241B91 /* InfoPlist.strings in Resources */,

				E4DF62B10147D4B929218082 /* Localizable.strings in Resources */,

			);
			runOnlyForDeploymentPostprocessing = 0;
		};
/* End PBXResourcesBuildPhase section */

/* Begin PBXNativeTarget section */
		E3435DDA2687639586BF0B70 /* alt-tab-light */ = {
			isa = PBXNativeTarget;
			buildConfigurationList = F2F62AAE534BA46EC59716F3 /* Build configuration list for PBXNativeTarget "alt-tab-light" */;
			buildPhases = (
				7A70D71C385290AF96BF1031 /* Sources */,
				424153ED3CD079DB4DB459AF /* Frameworks */,
				285BB1C1430063331E9F5DD0 /* Resources */,
			);
			buildRules = (
			);
			dependencies = (
			);
			name = "alt-tab-light";
			productName = "alt-tab-light";
			productReference = 84337AD8D27FCD69AF2C4FC2 /* AltTabLight.app */;
			productType = "com.apple.product-type.application";
		};
/* End PBXNativeTarget section */

/* Begin PBXProject section */
		46F86FAA6BBF9AC94A7E4595 /* Project object */ = {
			isa = PBXProject;
			attributes = {
				LastUpgradeCheck = 1620;
			};
			buildConfigurationList = 7EF2517A8FE63F4681EC5EEA /* Build configuration list for PBXProject "alt-tab-light" */;
			compatibilityVersion = "Xcode 3.2";
			developmentRegion = en;
			hasScannedForEncodings = 0;
			knownRegions = (
				en,
				ja,
			);
			packageReferences = (
				5FDF9EA72FB3577600703843 /* XCLocalSwiftPackageReference "vendor/ShortcutRecorder" */,
			);
			mainGroup = B9340614599AB78F485950C7;
			productRefGroup = 547D009064F7C3F13BEF3460 /* Products */;
			projectDirPath = "";
			projectRoot = "";
			targets = (
				E3435DDA2687639586BF0B70 /* alt-tab-light */,
			);
		};
/* End PBXProject section */

/* Begin XCBuildConfiguration section */
		1A92D92A519B2F2C925A31E9 /* Debug */ = {
			isa = XCBuildConfiguration;
			buildSettings = {
				CLANG_ENABLE_MODULES = YES;
				CLANG_ENABLE_OBJC_ARC = YES;
				CLANG_WARN_UNGUARDED_AVAILABILITY = YES_AGGRESSIVE;
				DEBUG_INFORMATION_FORMAT = dwarf;
				ENABLE_STRICT_OBJC_MSGSEND = YES;
				ENABLE_TESTABILITY = YES;
				GCC_C_LANGUAGE_STANDARD = gnu11;
				GCC_DYNAMIC_NO_PIC = NO;
				GCC_NO_COMMON_BLOCKS = YES;
				GCC_OPTIMIZATION_LEVEL = 0;
				GCC_PREPROCESSOR_DEFINITIONS = ("DEBUG=1", "$(inherited)");
				MACOSX_DEPLOYMENT_TARGET = 13.0;
				ONLY_ACTIVE_ARCH = YES;
				SDKROOT = macosx;
				SWIFT_ACTIVE_COMPILATION_CONDITIONS = DEBUG;
				SWIFT_OPTIMIZATION_LEVEL = "-Onone";
			};
			name = Debug;
		};

		D331BC7D8C2174A1A1060B57 /* Release */ = {
			isa = XCBuildConfiguration;
			buildSettings = {
				CLANG_ENABLE_MODULES = YES;
				CLANG_ENABLE_OBJC_ARC = YES;
				DEBUG_INFORMATION_FORMAT = "dwarf-with-dsym";
				ENABLE_NS_ASSERTIONS = NO;
				MACOSX_DEPLOYMENT_TARGET = 13.0;
				SDKROOT = macosx;
				SWIFT_COMPILATION_MODE = wholemodule;
				SWIFT_OPTIMIZATION_LEVEL = "-O";
			};
			name = Release;
		};

		DF97C2E9ACCC781DFDEF802B /* Debug */ = {
			isa = XCBuildConfiguration;
			baseConfigurationReference = ADC33F6F37FE343AA182B1B6 /* debug.xcconfig */;
			buildSettings = {
				CURRENT_PROJECT_VERSION = 1;
				MARKETING_VERSION = 1.0;
				DEVELOPMENT_TEAM = "";
			};
			name = Debug;
		};

		45091950A9AC6CC5BFA6EA53 /* Release */ = {
			isa = XCBuildConfiguration;
			baseConfigurationReference = 4C3E1B9441F5BE17B37AD60B /* release.xcconfig */;
			buildSettings = {
				CURRENT_PROJECT_VERSION = 1;
				MARKETING_VERSION = 1.0;
				DEVELOPMENT_TEAM = "${TEAM_ID}";
			};
			name = Release;
		};

/* End XCBuildConfiguration section */

/* Begin XCConfigurationList section */
		7EF2517A8FE63F4681EC5EEA /* Build configuration list for PBXProject "alt-tab-light" */ = {
			isa = XCConfigurationList;
			buildConfigurations = (
				1A92D92A519B2F2C925A31E9 /* Debug */,
				D331BC7D8C2174A1A1060B57 /* Release */,
			);
			defaultConfigurationIsVisible = 0;
			defaultConfigurationName = Release;
		};

		F2F62AAE534BA46EC59716F3 /* Build configuration list for PBXNativeTarget "alt-tab-light" */ = {
			isa = XCConfigurationList;
			buildConfigurations = (
				DF97C2E9ACCC781DFDEF802B /* Debug */,
				45091950A9AC6CC5BFA6EA53 /* Release */,
			);
			defaultConfigurationIsVisible = 0;
			defaultConfigurationName = Release;
		};
/* End XCConfigurationList section */

/* Begin XCLocalSwiftPackageReference section */
		5FDF9EA72FB3577600703843 /* XCLocalSwiftPackageReference "vendor/ShortcutRecorder" */ = {
			isa = XCLocalSwiftPackageReference;
			relativePath = vendor/ShortcutRecorder;
		};
/* End XCLocalSwiftPackageReference section */

/* Begin XCSwiftPackageProductDependency section */
		5FDF9EA82FB3577600703843 /* ShortcutRecorder */ = {
			isa = XCSwiftPackageProductDependency;
			package = 5FDF9EA72FB3577600703843 /* XCLocalSwiftPackageReference "vendor/ShortcutRecorder" */;
			productName = ShortcutRecorder;
		};
/* End XCSwiftPackageProductDependency section */
	};
	rootObject = 46F86FAA6BBF9AC94A7E4595 /* Project object */;
}
